
Microsoft Visual Studio Solution File, Format Version 12.00
# Visual Studio Version 17
VisualStudioVersion = 17.5.33414.496
MinimumVisualStudioVersion = 10.0.40219.1
Project("{9A19103F-16F7-4668-BE54-9A1E7A4F7556}") = "BikeRental", "BikeRental\BikeRental.csproj", "{7E41C22F-5C26-4441-A99F-11FC9CC3AAA8}"
EndProject
Project("{9A19103F-16F7-4668-BE54-9A1E7A4F7556}") = "BikeRental.Models", "BikeRental.Models\BikeRental.Models.csproj", "{7D9BB26A-3C0C-4AB3-A017-0FEE18818738}"
EndProject
Project("{9A19103F-16F7-4668-BE54-9A1E7A4F7556}") = "BikeRental.Services", "BikeRental.Services\BikeRental.Services.csproj", "{660CB6B5-B55E-4E6F-B6C6-8F086A780258}"
EndProject
Project("{FAE04EC0-301F-11D3-BF4B-00C04F79EFBC}") = "BikeRental.Tests", "BikeRental.Tests\BikeRental.Tests.csproj", "{2481565D-AE38-4C18-A6DF-5A30438581E5}"
EndProject
Global
	GlobalSection(SolutionConfigurationPlatforms) = preSolution
		Debug|Any CPU = Debug|Any CPU
		Release|Any CPU = Release|Any CPU
	EndGlobalSection
	GlobalSection(ProjectConfigurationPlatforms) = postSolution
		{7E41C22F-5C26-4441-A99F-11FC9CC3AAA8}.Debug|Any CPU.ActiveCfg = Debug|Any CPU
		{7E41C22F-5C26-4441-A99F-11FC9CC3AAA8}.Debug|Any CPU.Build.0 = Debug|Any CPU
		{7E41C22F-5C26-4441-A99F-11FC9CC3AAA8}.Release|Any CPU.ActiveCfg = Release|Any CPU
		{7E41C22F-5C26-4441-A99F-11FC9CC3AAA8}.Release|Any CPU.Build.0 = Release|Any CPU
		{7D9BB26A-3C0C-4AB3-A017-0FEE18818738}.Debug|Any CPU.ActiveCfg = Debug|Any CPU
		{7D9BB26A-3C0C-4AB3-A017-0FEE18818738}.Debug|Any CPU.Build.0 = Debug|Any CPU
		{7D9BB26A-3C0C-4AB3-A017-0FEE18818738}.Release|Any CPU.ActiveCfg = Release|Any CPU
		{7D9BB26A-3C0C-4AB3-A017-0FEE18818738}.Release|Any CPU.Build.0 = Release|Any CPU
		{660CB6B5-B55E-4E6F-B6C6-8F086A780258}.Debug|Any CPU.ActiveCfg = Debug|Any CPU
		{660CB6B5-B55E-4E6F-B6C6-8F086A780258}.Debug|Any CPU.Build.0 = Debug|Any CPU
		{660CB6B5-B55E-4E6F-B6C6-8F086A780258}.Release|Any CPU.ActiveCfg = Release|Any CPU
		{660CB6B5-B55E-4E6F-B6C6-8F086A780258}.Release|Any CPU.Build.0 = Release|Any CPU
		{2481565D-AE38-4C18-A6DF-5A30438581E5}.Debug|Any CPU.ActiveCfg = Debug|Any CPU
		{2481565D-AE38-4C18-A6DF-5A30438581E5}.Debug|Any CPU.Build.0 = Debug|Any CPU
		{2481565D-AE38-4C18-A6DF-5A30438581E5}.Release|Any CPU.ActiveCfg = Release|Any CPU
		{2481565D-AE38-4C18-A6DF-5A30438581E5}.Release|Any CPU.Build.0 = Release|Any CPU
	EndGlobalSection
	GlobalSection(SolutionProperties) = preSolution
		HideSolutionNode = FALSE
	EndGlobalSection
	GlobalSection(ExtensibilityGlobals) = postSolution
		SolutionGuid = {0E50A8B2-609D-4CFD-8E2C-848DB47E60AE}
	EndGlobalSection
EndGlobal
